
Microsoft Visual Studio Solution File, Format Version 12.00
# Visual Studio Version 16
VisualStudioVersion = 16.0.31829.152
MinimumVisualStudioVersion = 10.0.40219.1
Project("{FAE04EC0-301F-11D3-BF4B-00C04F79EFBC}") = "Warehousemanagement", "Warehousemanagement.csproj", "{BC4EBD1D-54C9-4C30-BB99-DABB22A30386}"
EndProject
Global
	GlobalSection(SolutionConfigurationPlatforms) = preSolution
		Debug|Any CPU = Debug|Any CPU
		Release|Any CPU = Release|Any CPU
	EndGlobalSection
	GlobalSection(ProjectConfigurationPlatforms) = postSolution
		{BC4EBD1D-54C9-4C30-BB99-DABB22A30386}.Debug|Any CPU.ActiveCfg = Debug|Any CPU
		{BC4EBD1D-54C9-4C30-BB99-DABB22A30386}.Debug|Any CPU.Build.0 = Debug|Any CPU
		{BC4EBD1D-54C9-4C30-BB99-DABB22A30386}.Release|Any CPU.ActiveCfg = Release|Any CPU
		{BC4EBD1D-54C9-4C30-BB99-DABB22A30386}.Release|Any CPU.Build.0 = Release|Any CPU
	EndGlobalSection
	GlobalSection(SolutionProperties) = preSolution
		HideSolutionNode = FALSE
	EndGlobalSection
	GlobalSection(ExtensibilityGlobals) = postSolution
		SolutionGuid = {2C522479-CD77-4018-A5C0-7B68DF01A854}
	EndGlobalSection
EndGlobal
